
Microsoft Visual Studio Solution File, Format Version 12.00
# Visual Studio Version 16
VisualStudioVersion = 16.0.29503.13
MinimumVisualStudioVersion = 10.0.40219.1
Project("{8BC9CEB8-8B4A-11D0-8D11-00A0C91BC942}") = "ZongHe2_Base", "ZongHe2_Base\ZongHe2_Base.vcxproj", "{C6BFBCFD-BD7B-4656-8901-30F6E3EF224C}"
EndProject
Global
	GlobalSection(SolutionConfigurationPlatforms) = preSolution
		Debug|x64 = Debug|x64
		Debug|x86 = Debug|x86
		Release|x64 = Release|x64
		Release|x86 = Release|x86
	EndGlobalSection
	GlobalSection(ProjectConfigurationPlatforms) = postSolution
		{C6BFBCFD-BD7B-4656-8901-30F6E3EF224C}.Debug|x64.ActiveCfg = Debug|x64
		{C6BFBCFD-BD7B-4656-8901-30F6E3EF224C}.Debug|x64.Build.0 = Debug|x64
		{C6BFBCFD-BD7B-4656-8901-30F6E3EF224C}.Debug|x86.ActiveCfg = Debug|Win32
		{C6BFBCFD-BD7B-4656-8901-30F6E3EF224C}.Debug|x86.Build.0 = Debug|Win32
		{C6BFBCFD-BD7B-4656-8901-30F6E3EF224C}.Release|x64.ActiveCfg = Release|x64
		{C6BFBCFD-BD7B-4656-8901-30F6E3EF224C}.Release|x64.Build.0 = Release|x64
		{C6BFBCFD-BD7B-4656-8901-30F6E3EF224C}.Release|x86.ActiveCfg = Release|Win32
		{C6BFBCFD-BD7B-4656-8901-30F6E3EF224C}.Release|x86.Build.0 = Release|Win32
	EndGlobalSection
	GlobalSection(SolutionProperties) = preSolution
		HideSolutionNode = FALSE
	EndGlobalSection
	GlobalSection(ExtensibilityGlobals) = postSolution
		SolutionGuid = {E5CAB5D6-37EF-4A72-AA7F-9FA59800D3F3}
	EndGlobalSection
EndGlobal
